<?xml version="1.0" encoding="utf-8"?>
<Project ToolsVersion="4.0" xmlns="http://schemas.microsoft.com/developer/msbuild/2003">
  <ItemGroup>
    <Filter Include="Resource Files">
      <UniqueIdentifier>{67DA6AB6-F800-4c08-8B7A-83BB121AAD01}</UniqueIdentifier>
      <Extensions>rc;ico;cur;bmp;dlg;rc2;rct;bin;rgs;gif;jpg;jpeg;jpe;resx;tiff;tif;png;wav;mfcribbon-ms</Extensions>
    </Filter>
    <Filter Include="Shaders">
      <UniqueIdentifier>{1808e233-dbee-41e2-ba30-098fa9ede61d}</UniqueIdentifier>
    </Filter>
    <Filter Include="Object">
      <UniqueIdentifier>{ffe4bb8d-00b7-42e3-9fff-bd5ccfc4560a}</UniqueIdentifier>
    </Filter>
    <Filter Include="App">
      <UniqueIdentifier>{80cbb41a-7418-4c41-9bca-264800a772b2}</UniqueIdentifier>
    </Filter>
    <Filter Include="Framework">
      <UniqueIdentifier>{fa0c12f6-62b6-44f4-b453-eb6a118112f9}</UniqueIdentifier>
    </Filter>
    <Filter Include="Camera">
      <UniqueIdentifier>{a93fbd63-3f4a-4d8c-93f0-05e07ca6f1eb}</UniqueIdentifier>
    </Filter>
    <Filter Include="Effects">
      <UniqueIdentifier>{1bb7f01d-183c-43e4-8e79-9d2f94b5cdf0}</UniqueIdentifier>
    </Filter>
  </ItemGroup>
  <ItemGroup>
    <ClCompile Include="D3DObject.cpp">
      <Filter>Object</Filter>
    </ClCompile>
    <ClCompile Include="CarModel.cpp">
      <Filter>Object</Filter>
    </ClCompile>
    <ClCompile Include="App.cpp">
      <Filter>App</Filter>
    </ClCompile>
    <ClCompile Include="Main.cpp">
      <Filter>App</Filter>
    </ClCompile>
    <ClCompile Include="DXTrace.cpp">
      <Filter>Framework</Filter>
    </ClCompile>
    <ClCompile Include="GameTimer.cpp">
      <Filter>Framework</Filter>
    </ClCompile>
    <ClCompile Include="Keyboard.cpp">
      <Filter>Framework</Filter>
    </ClCompile>
    <ClCompile Include="Mouse.cpp">
      <Filter>Framework</Filter>
    </ClCompile>
    <ClCompile Include="Vertex.cpp">
      <Filter>Framework</Filter>
    </ClCompile>
    <ClCompile Include="d3dUtil.cpp">
      <Filter>Framework</Filter>
    </ClCompile>
    <ClCompile Include="DDSTextureLoader.cpp">
      <Filter>Framework</Filter>
    </ClCompile>
    <ClCompile Include="WICTextureLoader.cpp">
      <Filter>Framework</Filter>
    </ClCompile>
    <ClCompile Include="d3dApp.cpp">
      <Filter>Framework</Filter>
    </ClCompile>
    <ClCompile Include="Camera.cpp">
      <Filter>Camera</Filter>
    </ClCompile>
    <ClCompile Include="FirstPersonCamera.cpp">
      <Filter>Camera</Filter>
    </ClCompile>
    <ClCompile Include="ThirdPersonCamera.cpp">
      <Filter>Camera</Filter>
    </ClCompile>
    <ClCompile Include="RenderStates.cpp">
      <Filter>Framework</Filter>
    </ClCompile>
    <ClCompile Include="BasicEffect.cpp">
      <Filter>Effects</Filter>
    </ClCompile>
    <ClCompile Include="Model.cpp">
      <Filter>Framework</Filter>
    </ClCompile>
    <ClCompile Include="ObjReader.cpp">
      <Filter>Framework</Filter>
    </ClCompile>
  </ItemGroup>
  <ItemGroup>
    <ClInclude Include="GameTimer.h">
      <Filter>Framework</Filter>
    </ClInclude>
    <ClInclude Include="Keyboard.h">
      <Filter>Framework</Filter>
    </ClInclude>
    <ClInclude Include="Mouse.h">
      <Filter>Framework</Filter>
    </ClInclude>
    <ClInclude Include="Geometry.h">
      <Filter>Framework</Filter>
    </ClInclude>
    <ClInclude Include="Vertex.h">
      <Filter>Framework</Filter>
    </ClInclude>
    <ClInclude Include="LightHelper.h">
      <Filter>Framework</Filter>
    </ClInclude>
    <ClInclude Include="DXTrace.h">
      <Filter>Framework</Filter>
    </ClInclude>
    <ClInclude Include="D3DObject.h">
      <Filter>Object</Filter>
    </ClInclude>
    <ClInclude Include="CarModel.h">
      <Filter>Object</Filter>
    </ClInclude>
    <ClInclude Include="App.h">
      <Filter>App</Filter>
    </ClInclude>
    <ClInclude Include="d3dUtil.h">
      <Filter>Framework</Filter>
    </ClInclude>
    <ClInclude Include="DDSTextureLoader.h">
      <Filter>Framework</Filter>
    </ClInclude>
    <ClInclude Include="WICTextureLoader.h">
      <Filter>Framework</Filter>
    </ClInclude>
    <ClInclude Include="d3dApp.h">
      <Filter>Framework</Filter>
    </ClInclude>
    <ClInclude Include="Camera.h">
      <Filter>Camera</Filter>
    </ClInclude>
    <ClInclude Include="FirstPersonCamera.h">
      <Filter>Camera</Filter>
    </ClInclude>
    <ClInclude Include="ThirdPersonCamera.h">
      <Filter>Camera</Filter>
    </ClInclude>
    <ClInclude Include="RenderStates.h">
      <Filter>Framework</Filter>
    </ClInclude>
    <ClInclude Include="EffectHelper.h">
      <Filter>Effects</Filter>
    </ClInclude>
    <ClInclude Include="Effects.h">
      <Filter>Effects</Filter>
    </ClInclude>
    <ClInclude Include="Model.h">
      <Filter>Framework</Filter>
    </ClInclude>
    <ClInclude Include="ObjReader.h">
      <Filter>Framework</Filter>
    </ClInclude>
  </ItemGroup>
  <ItemGroup>
    <None Include="HLSL\Basic.hlsli">
      <Filter>Shaders</Filter>
    </None>
    <None Include="HLSL\LightHelper.hlsli">
      <Filter>Shaders</Filter>
    </None>
  </ItemGroup>
  <ItemGroup>
    <FxCompile Include="HLSL\Basic_PS_2D.hlsl">
      <Filter>Shaders</Filter>
    </FxCompile>
    <FxCompile Include="HLSL\Basic_PS_3D.hlsl">
      <Filter>Shaders</Filter>
    </FxCompile>
    <FxCompile Include="HLSL\Basic_VS_2D.hlsl">
      <Filter>Shaders</Filter>
    </FxCompile>
    <FxCompile Include="HLSL\Basic_VS_3D.hlsl">
      <Filter>Shaders</Filter>
    </FxCompile>
  </ItemGroup>
</Project>